
Microsoft Visual Studio Solution File, Format Version 12.00
# Visual Studio Version 17
VisualStudioVersion = 17.14.36221.1 d17.14
MinimumVisualStudioVersion = 10.0.40219.1
Project("{FAE04EC0-301F-11D3-BF4B-00C04F79EFBC}") = "TextRPG", "TextRPG\TextRPG.csproj", "{6B1D4382-2D0D-4F44-8143-8C31E5A69CCF}"
EndProject
Global
	GlobalSection(SolutionConfigurationPlatforms) = preSolution
		Debug|Any CPU = Debug|Any CPU
		Release|Any CPU = Release|Any CPU
	EndGlobalSection
	GlobalSection(ProjectConfigurationPlatforms) = postSolution
		{6B1D4382-2D0D-4F44-8143-8C31E5A69CCF}.Debug|Any CPU.ActiveCfg = Debug|Any CPU
		{6B1D4382-2D0D-4F44-8143-8C31E5A69CCF}.Debug|Any CPU.Build.0 = Debug|Any CPU
		{6B1D4382-2D0D-4F44-8143-8C31E5A69CCF}.Release|Any CPU.ActiveCfg = Release|Any CPU
		{6B1D4382-2D0D-4F44-8143-8C31E5A69CCF}.Release|Any CPU.Build.0 = Release|Any CPU
	EndGlobalSection
	GlobalSection(SolutionProperties) = preSolution
		HideSolutionNode = FALSE
	EndGlobalSection
	GlobalSection(ExtensibilityGlobals) = postSolution
		SolutionGuid = {42D67EE5-1252-4895-88B8-D3F8B39E1D50}
	EndGlobalSection
EndGlobal
